
Microsoft Visual Studio Solution File, Format Version 12.00
# Visual Studio Version 17
VisualStudioVersion = 17.2.32630.192
MinimumVisualStudioVersion = 10.0.40219.1
Project("{FAE04EC0-301F-11D3-BF4B-00C04F79EFBC}") = "2022_Level2DodgeGame", "2022_Level2DodgeGame\2022_Level2DodgeGame.csproj", "{465EAEBA-7A2C-4DA8-A732-BAE019CF54CD}"
EndProject
Global
	GlobalSection(SolutionConfigurationPlatforms) = preSolution
		Debug|Any CPU = Debug|Any CPU
		Release|Any CPU = Release|Any CPU
	EndGlobalSection
	GlobalSection(ProjectConfigurationPlatforms) = postSolution
		{465EAEBA-7A2C-4DA8-A732-BAE019CF54CD}.Debug|Any CPU.ActiveCfg = Debug|Any CPU
		{465EAEBA-7A2C-4DA8-A732-BAE019CF54CD}.Debug|Any CPU.Build.0 = Debug|Any CPU
		{465EAEBA-7A2C-4DA8-A732-BAE019CF54CD}.Release|Any CPU.ActiveCfg = Release|Any CPU
		{465EAEBA-7A2C-4DA8-A732-BAE019CF54CD}.Release|Any CPU.Build.0 = Release|Any CPU
	EndGlobalSection
	GlobalSection(SolutionProperties) = preSolution
		HideSolutionNode = FALSE
	EndGlobalSection
	GlobalSection(ExtensibilityGlobals) = postSolution
		SolutionGuid = {58B99896-D4ED-42B1-AF02-362B3FDC35B1}
	EndGlobalSection
EndGlobal
